
Microsoft Visual Studio Solution File, Format Version 12.00
# Visual Studio Version 17
VisualStudioVersion = 17.4.33213.308
MinimumVisualStudioVersion = 10.0.40219.1
Project("{9A19103F-16F7-4668-BE54-9A1E7A4F7556}") = "PoverkaKZN", "PoverkaKZN\PoverkaKZN.csproj", "{1D03B4F8-08F4-41E6-BDD6-ABEC5FAA6CF8}"
EndProject
Global
	GlobalSection(SolutionConfigurationPlatforms) = preSolution
		Debug|Any CPU = Debug|Any CPU
		Release|Any CPU = Release|Any CPU
	EndGlobalSection
	GlobalSection(ProjectConfigurationPlatforms) = postSolution
		{1D03B4F8-08F4-41E6-BDD6-ABEC5FAA6CF8}.Debug|Any CPU.ActiveCfg = Debug|Any CPU
		{1D03B4F8-08F4-41E6-BDD6-ABEC5FAA6CF8}.Debug|Any CPU.Build.0 = Debug|Any CPU
		{1D03B4F8-08F4-41E6-BDD6-ABEC5FAA6CF8}.Release|Any CPU.ActiveCfg = Release|Any CPU
		{1D03B4F8-08F4-41E6-BDD6-ABEC5FAA6CF8}.Release|Any CPU.Build.0 = Release|Any CPU
	EndGlobalSection
	GlobalSection(SolutionProperties) = preSolution
		HideSolutionNode = FALSE
	EndGlobalSection
	GlobalSection(ExtensibilityGlobals) = postSolution
		SolutionGuid = {BD829655-7133-4F5D-99DE-50C334AA3A54}
	EndGlobalSection
EndGlobal
