
Microsoft Visual Studio Solution File, Format Version 12.00
# Visual Studio Version 16
VisualStudioVersion = 16.0.33214.272
MinimumVisualStudioVersion = 10.0.40219.1
Project("{9A19103F-16F7-4668-BE54-9A1E7A4F7556}") = "PoverkaEZ", "PoverkaEZ\PoverkaEZ.csproj", "{510885B7-2EF8-4D60-ABC7-6A7E931ED514}"
EndProject
Global
	GlobalSection(SolutionConfigurationPlatforms) = preSolution
		Debug|Any CPU = Debug|Any CPU
		Release|Any CPU = Release|Any CPU
	EndGlobalSection
	GlobalSection(ProjectConfigurationPlatforms) = postSolution
		{510885B7-2EF8-4D60-ABC7-6A7E931ED514}.Debug|Any CPU.ActiveCfg = Debug|Any CPU
		{510885B7-2EF8-4D60-ABC7-6A7E931ED514}.Debug|Any CPU.Build.0 = Debug|Any CPU
		{510885B7-2EF8-4D60-ABC7-6A7E931ED514}.Release|Any CPU.ActiveCfg = Release|Any CPU
		{510885B7-2EF8-4D60-ABC7-6A7E931ED514}.Release|Any CPU.Build.0 = Release|Any CPU
	EndGlobalSection
	GlobalSection(SolutionProperties) = preSolution
		HideSolutionNode = FALSE
	EndGlobalSection
	GlobalSection(ExtensibilityGlobals) = postSolution
		SolutionGuid = {083A6913-7DCB-4E64-917B-ED12CA9D20F5}
	EndGlobalSection
EndGlobal
